
Microsoft Visual Studio Solution File, Format Version 12.00
# Visual Studio 15
Project("{FAE04EC0-301F-11D3-BF4B-00C04F79EFBC}") = "Xamarin.Bindings.HyperTrack.iOS", "Xamarin.Bindings.HyperTrack.iOS\Xamarin.Bindings.HyperTrack.iOS.csproj", "{30389A9F-6D61-40A5-9BAE-CF70992D76BB}"
EndProject
Project("{FAE04EC0-301F-11D3-BF4B-00C04F79EFBC}") = "testetest", "testetest\testetest.csproj", "{DE3B089A-550E-4372-B7CA-E4077A0D926B}"
EndProject
Global
	GlobalSection(SolutionConfigurationPlatforms) = preSolution
		Debug|Any CPU = Debug|Any CPU
		Release|Any CPU = Release|Any CPU
		Debug|iPhoneSimulator = Debug|iPhoneSimulator
		Release|iPhone = Release|iPhone
		Release|iPhoneSimulator = Release|iPhoneSimulator
		Debug|iPhone = Debug|iPhone
	EndGlobalSection
	GlobalSection(ProjectConfigurationPlatforms) = postSolution
		{30389A9F-6D61-40A5-9BAE-CF70992D76BB}.Debug|Any CPU.ActiveCfg = Debug|Any CPU
		{30389A9F-6D61-40A5-9BAE-CF70992D76BB}.Debug|Any CPU.Build.0 = Debug|Any CPU
		{30389A9F-6D61-40A5-9BAE-CF70992D76BB}.Release|Any CPU.ActiveCfg = Release|Any CPU
		{30389A9F-6D61-40A5-9BAE-CF70992D76BB}.Release|Any CPU.Build.0 = Release|Any CPU
		{30389A9F-6D61-40A5-9BAE-CF70992D76BB}.Debug|iPhoneSimulator.ActiveCfg = Debug|Any CPU
		{30389A9F-6D61-40A5-9BAE-CF70992D76BB}.Debug|iPhoneSimulator.Build.0 = Debug|Any CPU
		{30389A9F-6D61-40A5-9BAE-CF70992D76BB}.Release|iPhone.ActiveCfg = Release|Any CPU
		{30389A9F-6D61-40A5-9BAE-CF70992D76BB}.Release|iPhone.Build.0 = Release|Any CPU
		{30389A9F-6D61-40A5-9BAE-CF70992D76BB}.Release|iPhoneSimulator.ActiveCfg = Release|Any CPU
		{30389A9F-6D61-40A5-9BAE-CF70992D76BB}.Release|iPhoneSimulator.Build.0 = Release|Any CPU
		{30389A9F-6D61-40A5-9BAE-CF70992D76BB}.Debug|iPhone.ActiveCfg = Debug|Any CPU
		{30389A9F-6D61-40A5-9BAE-CF70992D76BB}.Debug|iPhone.Build.0 = Debug|Any CPU
		{DE3B089A-550E-4372-B7CA-E4077A0D926B}.Debug|Any CPU.ActiveCfg = Debug|iPhoneSimulator
		{DE3B089A-550E-4372-B7CA-E4077A0D926B}.Debug|Any CPU.Build.0 = Debug|iPhoneSimulator
		{DE3B089A-550E-4372-B7CA-E4077A0D926B}.Release|Any CPU.ActiveCfg = Release|iPhone
		{DE3B089A-550E-4372-B7CA-E4077A0D926B}.Release|Any CPU.Build.0 = Release|iPhone
		{DE3B089A-550E-4372-B7CA-E4077A0D926B}.Debug|iPhoneSimulator.ActiveCfg = Debug|iPhoneSimulator
		{DE3B089A-550E-4372-B7CA-E4077A0D926B}.Debug|iPhoneSimulator.Build.0 = Debug|iPhoneSimulator
		{DE3B089A-550E-4372-B7CA-E4077A0D926B}.Release|iPhone.ActiveCfg = Release|iPhone
		{DE3B089A-550E-4372-B7CA-E4077A0D926B}.Release|iPhone.Build.0 = Release|iPhone
		{DE3B089A-550E-4372-B7CA-E4077A0D926B}.Release|iPhoneSimulator.ActiveCfg = Release|iPhoneSimulator
		{DE3B089A-550E-4372-B7CA-E4077A0D926B}.Release|iPhoneSimulator.Build.0 = Release|iPhoneSimulator
		{DE3B089A-550E-4372-B7CA-E4077A0D926B}.Debug|iPhone.ActiveCfg = Debug|iPhone
		{DE3B089A-550E-4372-B7CA-E4077A0D926B}.Debug|iPhone.Build.0 = Debug|iPhone
	EndGlobalSection
EndGlobal
