PODS:
  - Alamofire (4.7.3)
  - CocoaLumberjack/Default (3.4.2)
  - CocoaLumberjack/Swift (3.4.2):
    - CocoaLumberjack/Default
  - GzipSwift (4.0.4)
  - HyperTrack (0.7.29):
    - Alamofire (>= 4.4.0)
    - CocoaLumberjack/Swift
    - GzipSwift
    - SQLite.swift (= 0.11.4)
  - SQLite.swift (0.11.4):
    - SQLite.swift/standard (= 0.11.4)
  - SQLite.swift/standard (0.11.4)

DEPENDENCIES:
  - HyperTrack

SPEC REPOS:
  https://github.com/cocoapods/specs.git:
    - Alamofire
    - CocoaLumberjack
    - GzipSwift
    - HyperTrack
    - SQLite.swift

SPEC CHECKSUMS:
  Alamofire: c7287b6e5d7da964a70935e5db17046b7fde6568
  CocoaLumberjack: db7cc9e464771f12054c22ff6947c5a58d43a0fd
  GzipSwift: 1a5bc5f7827e09846b0635b5079f1224bc3b1c3a
  HyperTrack: 95ea87ebc243c45ff2d586ad9fa260b17239c585
  SQLite.swift: 3e3bee21da701b5b9f87c4a672cb54f233505692

PODFILE CHECKSUM: 70c4a6f30446b5b6f6028ed9660e565863aec81b

COCOAPODS: 1.5.3
